schema: '2.0'
stages:
  seed_kaggle:
    cmd: python scripts/seed_from_kaggle.py
    deps:
    - path: scripts/seed_from_kaggle.py
      hash: md5
      md5: bb3bec4416b78f6a9733a54d6361cdab
      size: 11558
    - path: src/config.py
      hash: md5
      md5: 8000f2fd127d25db7e8bed6799fc9bff
      size: 3692
    outs:
    - path: data/raw/
      hash: md5
      md5: 903422c00ddddfb2d657e95ea4631298.dir
      size: 100640782
      nfiles: 13564
  build_features:
    cmd: python src/features/pipeline.py
    deps:
    - path: data/raw/
      hash: md5
      md5: 903422c00ddddfb2d657e95ea4631298.dir
      size: 100640782
      nfiles: 13564
    - path: src/config.py
      hash: md5
      md5: 8000f2fd127d25db7e8bed6799fc9bff
      size: 3692
    - path: src/features/pipeline.py
      hash: md5
      md5: 9d284da2bd4630a4183644849112d30f
      size: 23302
    outs:
    - path: data/baseline/
      hash: md5
      md5: a9958eecc047222177cffbb37d62544a.dir
      size: 3362623
      nfiles: 70
    - path: data/processed/
      hash: md5
      md5: e44331cf8129bf62746bcb12c8297e05.dir
      size: 10898378
      nfiles: 5
  train:
    cmd: "docker compose run --rm -e MLFLOW_TRACKING_URI=http://mlflow:5000 -e DATA_DIR=/app/data
      -e PYTHONPATH=/app fastapi python src/train/trainer.py\n"
    deps:
    - path: data/processed/
      hash: md5
      md5: e44331cf8129bf62746bcb12c8297e05.dir
      size: 10898378
      nfiles: 5
    - path: src/config.py
      hash: md5
      md5: 8000f2fd127d25db7e8bed6799fc9bff
      size: 3692
    - path: src/train/trainer.py
      hash: md5
      md5: 99be219141589cc00653d5d7f03ce9e2
      size: 21883
    outs:
    - path: mlflow/artifacts/
      hash: md5
      md5: 779a71f60a3b22968665d89385b6cda1.dir
      size: 1912312943
      nfiles: 367
  evaluate:
    cmd: "docker compose exec fastapi python /app/scripts/evaluate.py\n"
    deps:
    - path: data/processed/
      hash: md5
      md5: e44331cf8129bf62746bcb12c8297e05.dir
      size: 10898378
      nfiles: 5
    - path: mlflow/artifacts/
      hash: md5
      md5: 779a71f60a3b22968665d89385b6cda1.dir
      size: 1912312943
      nfiles: 367
    - path: scripts/evaluate.py
      hash: md5
      md5: 4ade5a9defd7aa1c72a08f673faaf27f
      size: 17244
    outs:
    - path: reports/
      hash: md5
      md5: 99ec89434245c15ffed0d24f840cf4fc.dir
      size: 46698
      nfiles: 16
